{
  "name": "web3_assignment",
  "lockfileVersion": 3,
  "requires": true,
  "packages": {
    "": {
      "devDependencies": {
        "@types/node-schedule": "^2.1.7"
      }
    },
    "node_modules/@types/node": {
      "version": "22.5.3",
      "resolved": "https://registry.npmjs.org/@types/node/-/node-22.5.3.tgz",
      "integrity": "sha512-njripolh85IA9SQGTAqbmnNZTdxv7X/4OYGPz8tgy5JDr8MP+uDBa921GpYEoDDnwm0Hmn5ZPeJgiiSTPoOzkQ==",
      "dev": true,
      "dependencies": {
        "undici-types": "~6.19.2"
      }
    },
    "node_modules/@types/node-schedule": {
      "version": "2.1.7",
      "resolved": "https://registry.npmjs.org/@types/node-schedule/-/node-schedule-2.1.7.tgz",
      "integrity": "sha512-G7Z3R9H7r3TowoH6D2pkzUHPhcJrDF4Jz1JOQ80AX0K2DWTHoN9VC94XzFAPNMdbW9TBzMZ3LjpFi7RYdbxtXA==",
      "dev": true,
      "dependencies": {
        "@types/node": "*"
      }
    },
    "node_modules/undici-types": {
      "version": "6.19.8",
      "resolved": "https://registry.npmjs.org/undici-types/-/undici-types-6.19.8.tgz",
      "integrity": "sha512-ve2KP6f/JnbPBFyobGHuerC9g1FYGn/F8n1LWTwNxCEzd6IfqTwUQcNXgEtmmQ6DlRrC1hrSrBnCZPokRrDHjw==",
      "dev": true
    }
  }
}
